// !$*UTF8*$!
{
	archiveVersion = 1;
	classes = {
	};
	objectVersion = 48;
	objects = {

/* Begin PBXBuildFile section */
		7F1C076B205F5D7700805B2A /* ViewController.swift in Sources */ = {isa = PBXBuildFile; fileRef = 7F87AB31205113DA00738416 /* ViewController.swift */; };
		7F87AB30205113DA00738416 /* AppDelegate.swift in Sources */ = {isa = PBXBuildFile; fileRef = 7F87AB2F205113DA00738416 /* AppDelegate.swift */; };
		7F87AB32205113DA00738416 /* ViewController.swift in Sources */ = {isa = PBXBuildFile; fileRef = 7F87AB31205113DA00738416 /* ViewController.swift */; };
		7F87AB35205113DA00738416 /* Main.storyboard in Resources */ = {isa = PBXBuildFile; fileRef = 7F87AB33205113DA00738416 /* Main.storyboard */; };
		7F87AB37205113DA00738416 /* Assets.xcassets in Resources */ = {isa = PBXBuildFile; fileRef = 7F87AB36205113DA00738416 /* Assets.xcassets */; };
		7F87AB3A205113DA00738416 /* LaunchScreen.storyboard in Resources */ = {isa = PBXBuildFile; fileRef = 7F87AB38205113DA00738416 /* LaunchScreen.storyboard */; };
		7F87AB45205113DA00738416 /* Vehicle_LoanCalculatorTests.swift in Sources */ = {isa = PBXBuildFile; fileRef = 7F87AB44205113DA00738416 /* Vehicle_LoanCalculatorTests.swift */; };
		7F87AB50205113DA00738416 /* Vehicle_LoanCalculatorUITests.swift in Sources */ = {isa = PBXBuildFile; fileRef = 7F87AB4F205113DA00738416 /* Vehicle_LoanCalculatorUITests.swift */; };
		7FC8C278241D513300F53699 /* File.swift in Sources */ = {isa = PBXBuildFile; fileRef = 7FC8C277241D513300F53699 /* File.swift */; };
/* End PBXBuildFile section */

/* Begin PBXContainerItemProxy section */
		7F87AB41205113DA00738416 /* PBXContainerItemProxy */ = {
			isa = PBXContainerItemProxy;
			containerPortal = 7F87AB24205113DA00738416 /* Project object */;
			proxyType = 1;
			remoteGlobalIDString = 7F87AB2B205113DA00738416;
			remoteInfo = "Vehicle LoanCalculator";
		};
		7F87AB4C205113DA00738416 /* PBXContainerItemProxy */ = {
			isa = PBXContainerItemProxy;
			containerPortal = 7F87AB24205113DA00738416 /* Project object */;
			proxyType = 1;
			remoteGlobalIDString = 7F87AB2B205113DA00738416;
			remoteInfo = "Vehicle LoanCalculator";
		};
/* End PBXContainerItemProxy section */

/* Begin PBXFileReference section */
		7F87AB2C205113DA00738416 /* Vehicle LoanCalculator.app */ = {isa = PBXFileReference; explicitFileType = wrapper.application; includeInIndex = 0; path = "Vehicle LoanCalculator.app"; sourceTree = BUILT_PRODUCTS_DIR; };
		7F87AB2F205113DA00738416 /* AppDelegate.swift */ = {isa = PBXFileReference; lastKnownFileType = sourcecode.swift; path = AppDelegate.swift; sourceTree = "<group>"; };
		7F87AB31205113DA00738416 /* ViewController.swift */ = {isa = PBXFileReference; lastKnownFileType = sourcecode.swift; path = ViewController.swift; sourceTree = "<group>"; };
		7F87AB34205113DA00738416 /* Base */ = {isa = PBXFileReference; lastKnownFileType = file.storyboard; name = Base; path = Base.lproj/Main.storyboard; sourceTree = "<group>"; };
		7F87AB36205113DA00738416 /* Assets.xcassets */ = {isa = PBXFileReference; lastKnownFileType = folder.assetcatalog; path = Assets.xcassets; sourceTree = "<group>"; };
		7F87AB39205113DA00738416 /* Base */ = {isa = PBXFileReference; lastKnownFileType = file.storyboard; name = Base; path = Base.lproj/LaunchScreen.storyboard; sourceTree = "<group>"; };
		7F87AB3B205113DA00738416 /* Info.plist */ = {isa = PBXFileReference; lastKnownFileType = text.plist.xml; path = Info.plist; sourceTree = "<group>"; };
		7F87AB40205113DA00738416 /* Vehicle LoanCalculatorTests.xctest */ = {isa = PBXFileReference; explicitFileType = wrapper.cfbundle; includeInIndex = 0; path = "Vehicle LoanCalculatorTests.xctest"; sourceTree = BUILT_PRODUCTS_DIR; };
		7F87AB44205113DA00738416 /* Vehicle_LoanCalculatorTests.swift */ = {isa = PBXFileReference; lastKnownFileType = sourcecode.swift; path = Vehicle_LoanCalculatorTests.swift; sourceTree = "<group>"; };
		7F87AB46205113DA00738416 /* Info.plist */ = {isa = PBXFileReference; lastKnownFileType = text.plist.xml; path = Info.plist; sourceTree = "<group>"; };
		7F87AB4B205113DA00738416 /* Vehicle LoanCalculatorUITests.xctest */ = {isa = PBXFileReference; explicitFileType = wrapper.cfbundle; includeInIndex = 0; path = "Vehicle LoanCalculatorUITests.xctest"; sourceTree = BUILT_PRODUCTS_DIR; };
		7F87AB4F205113DA00738416 /* Vehicle_LoanCalculatorUITests.swift */ = {isa = PBXFileReference; lastKnownFileType = sourcecode.swift; path = Vehicle_LoanCalculatorUITests.swift; sourceTree = "<group>"; };
		7F87AB51205113DA00738416 /* Info.plist */ = {isa = PBXFileReference; lastKnownFileType = text.plist.xml; path = Info.plist; sourceTree = "<group>"; };
		7FC8C277241D513300F53699 /* File.swift */ = {isa = PBXFileReference; lastKnownFileType = sourcecode.swift; path = File.swift; sourceTree = "<group>"; };
/* End PBXFileReference section */

/* Begin PBXFrameworksBuildPhase section */
		7F87AB29205113DA00738416 /* Frameworks */ = {
			isa = PBXFrameworksBuildPhase;
			buildActionMask = 2147483647;
			files = (
			);
			runOnlyForDeploymentPostprocessing = 0;
		};
		7F87AB3D205113DA00738416 /* Frameworks */ = {
			isa = PBXFrameworksBuildPhase;
			buildActionMask = 2147483647;
			files = (
			);
			runOnlyForDeploymentPostprocessing = 0;
		};
		7F87AB48205113DA00738416 /* Frameworks */ = {
			isa = PBXFrameworksBuildPhase;
			buildActionMask = 2147483647;
			files = (
			);
			runOnlyForDeploymentPostprocessing = 0;
		};
/* End PBXFrameworksBuildPhase section */

/* Begin PBXGroup section */
		7F87AB23205113DA00738416 = {
			isa = PBXGroup;
			children = (
				7F87AB2E205113DA00738416 /* Vehicle LoanCalculator */,
				7F87AB43205113DA00738416 /* Vehicle LoanCalculatorTests */,
				7F87AB4E205113DA00738416 /* Vehicle LoanCalculatorUITests */,
				7F87AB2D205113DA00738416 /* Products */,
			);
			sourceTree = "<group>";
		};
		7F87AB2D205113DA00738416 /* Products */ = {
			isa = PBXGroup;
			children = (
				7F87AB2C205113DA00738416 /* Vehicle LoanCalculator.app */,
				7F87AB40205113DA00738416 /* Vehicle LoanCalculatorTests.xctest */,
				7F87AB4B205113DA00738416 /* Vehicle LoanCalculatorUITests.xctest */,
			);
			name = Products;
			sourceTree = "<group>";
		};
		7F87AB2E205113DA00738416 /* Vehicle LoanCalculator */ = {
			isa = PBXGroup;
			children = (
				7F87AB2F205113DA00738416 /* AppDelegate.swift */,
				7F87AB33205113DA00738416 /* Main.storyboard */,
				7F87AB31205113DA00738416 /* ViewController.swift */,
				7FC8C277241D513300F53699 /* File.swift */,
				7F87AB36205113DA00738416 /* Assets.xcassets */,
				7F87AB38205113DA00738416 /* LaunchScreen.storyboard */,
				7F87AB3B205113DA00738416 /* Info.plist */,
			);
			path = "Vehicle LoanCalculator";
			sourceTree = "<group>";
		};
		7F87AB43205113DA00738416 /* Vehicle LoanCalculatorTests */ = {
			isa = PBXGroup;
			children = (
				7F87AB44205113DA00738416 /* Vehicle_LoanCalculatorTests.swift */,
				7F87AB46205113DA00738416 /* Info.plist */,
			);
			path = "Vehicle LoanCalculatorTests";
			sourceTree = "<group>";
		};
		7F87AB4E205113DA00738416 /* Vehicle LoanCalculatorUITests */ = {
			isa = PBXGroup;
			children = (
				7F87AB4F205113DA00738416 /* Vehicle_LoanCalculatorUITests.swift */,
				7F87AB51205113DA00738416 /* Info.plist */,
			);
			path = "Vehicle LoanCalculatorUITests";
			sourceTree = "<group>";
		};
/* End PBXGroup section */

/* Begin PBXNativeTarget section */
		7F87AB2B205113DA00738416 /* Vehicle LoanCalculator */ = {
			isa = PBXNativeTarget;
			buildConfigurationList = 7F87AB54205113DA00738416 /* Build configuration list for PBXNativeTarget "Vehicle LoanCalculator" */;
			buildPhases = (
				7F87AB28205113DA00738416 /* Sources */,
				7F87AB29205113DA00738416 /* Frameworks */,
				7F87AB2A205113DA00738416 /* Resources */,
			);
			buildRules = (
			);
			dependencies = (
			);
			name = "Vehicle LoanCalculator";
			productName = "Vehicle LoanCalculator";
			productReference = 7F87AB2C205113DA00738416 /* Vehicle LoanCalculator.app */;
			productType = "com.apple.product-type.application";
		};
		7F87AB3F205113DA00738416 /* Vehicle LoanCalculatorTests */ = {
			isa = PBXNativeTarget;
			buildConfigurationList = 7F87AB57205113DA00738416 /* Build configuration list for PBXNativeTarget "Vehicle LoanCalculatorTests" */;
			buildPhases = (
				7F87AB3C205113DA00738416 /* Sources */,
				7F87AB3D205113DA00738416 /* Frameworks */,
				7F87AB3E205113DA00738416 /* Resources */,
			);
			buildRules = (
			);
			dependencies = (
				7F87AB42205113DA00738416 /* PBXTargetDependency */,
			);
			name = "Vehicle LoanCalculatorTests";
			productName = "Vehicle LoanCalculatorTests";
			productReference = 7F87AB40205113DA00738416 /* Vehicle LoanCalculatorTests.xctest */;
			productType = "com.apple.product-type.bundle.unit-test";
		};
		7F87AB4A205113DA00738416 /* Vehicle LoanCalculatorUITests */ = {
			isa = PBXNativeTarget;
			buildConfigurationList = 7F87AB5A205113DA00738416 /* Build configuration list for PBXNativeTarget "Vehicle LoanCalculatorUITests" */;
			buildPhases = (
				7F87AB47205113DA00738416 /* Sources */,
				7F87AB48205113DA00738416 /* Frameworks */,
				7F87AB49205113DA00738416 /* Resources */,
			);
			buildRules = (
			);
			dependencies = (
				7F87AB4D205113DA00738416 /* PBXTargetDependency */,
			);
			name = "Vehicle LoanCalculatorUITests";
			productName = "Vehicle LoanCalculatorUITests";
			productReference = 7F87AB4B205113DA00738416 /* Vehicle LoanCalculatorUITests.xctest */;
			productType = "com.apple.product-type.bundle.ui-testing";
		};
/* End PBXNativeTarget section */

/* Begin PBXProject section */
		7F87AB24205113DA00738416 /* Project object */ = {
			isa = PBXProject;
			attributes = {
				LastSwiftUpdateCheck = 0920;
				LastUpgradeCheck = 1220;
				ORGANIZATIONNAME = "Jared Pino";
				TargetAttributes = {
					7F87AB2B205113DA00738416 = {
						CreatedOnToolsVersion = 9.2;
						LastSwiftMigration = 1010;
						ProvisioningStyle = Automatic;
					};
					7F87AB3F205113DA00738416 = {
						CreatedOnToolsVersion = 9.2;
						LastSwiftMigration = 1110;
						ProvisioningStyle = Automatic;
						TestTargetID = 7F87AB2B205113DA00738416;
					};
					7F87AB4A205113DA00738416 = {
						CreatedOnToolsVersion = 9.2;
						LastSwiftMigration = 1110;
						ProvisioningStyle = Automatic;
						TestTargetID = 7F87AB2B205113DA00738416;
					};
				};
			};
			buildConfigurationList = 7F87AB27205113DA00738416 /* Build configuration list for PBXProject "Vehicle LoanCalculator" */;
			compatibilityVersion = "Xcode 8.0";
			developmentRegion = en;
			hasScannedForEncodings = 0;
			knownRegions = (
				en,
				Base,
			);
			mainGroup = 7F87AB23205113DA00738416;
			productRefGroup = 7F87AB2D205113DA00738416 /* Products */;
			projectDirPath = "";
			projectRoot = "";
			targets = (
				7F87AB2B205113DA00738416 /* Vehicle LoanCalculator */,
				7F87AB3F205113DA00738416 /* Vehicle LoanCalculatorTests */,
				7F87AB4A205113DA00738416 /* Vehicle LoanCalculatorUITests */,
			);
		};
/* End PBXProject section */

/* Begin PBXResourcesBuildPhase section */
		7F87AB2A205113DA00738416 /* Resources */ = {
			isa = PBXResourcesBuildPhase;
			buildActionMask = 2147483647;
			files = (
				7F87AB3A205113DA00738416 /* LaunchScreen.storyboard in Resources */,
				7F87AB37205113DA00738416 /* Assets.xcassets in Resources */,
				7F87AB35205113DA00738416 /* Main.storyboard in Resources */,
			);
			runOnlyForDeploymentPostprocessing = 0;
		};
		7F87AB3E205113DA00738416 /* Resources */ = {
			isa = PBXResourcesBuildPhase;
			buildActionMask = 2147483647;
			files = (
			);
			runOnlyForDeploymentPostprocessing = 0;
		};
		7F87AB49205113DA00738416 /* Resources */ = {
			isa = PBXResourcesBuildPhase;
			buildActionMask = 2147483647;
			files = (
			);
			runOnlyForDeploymentPostprocessing = 0;
		};
/* End PBXResourcesBuildPhase section */

/* Begin PBXSourcesBuildPhase section */
		7F87AB28205113DA00738416 /* Sources */ = {
			isa = PBXSourcesBuildPhase;
			buildActionMask = 2147483647;
			files = (
				7F87AB32205113DA00738416 /* ViewController.swift in Sources */,
				7FC8C278241D513300F53699 /* File.swift in Sources */,
				7F87AB30205113DA00738416 /* AppDelegate.swift in Sources */,
			);
			runOnlyForDeploymentPostprocessing = 0;
		};
		7F87AB3C205113DA00738416 /* Sources */ = {
			isa = PBXSourcesBuildPhase;
			buildActionMask = 2147483647;
			files = (
				7F87AB45205113DA00738416 /* Vehicle_LoanCalculatorTests.swift in Sources */,
			);
			runOnlyForDeploymentPostprocessing = 0;
		};
		7F87AB47205113DA00738416 /* Sources */ = {
			isa = PBXSourcesBuildPhase;
			buildActionMask = 2147483647;
			files = (
				7F1C076B205F5D7700805B2A /* ViewController.swift in Sources */,
				7F87AB50205113DA00738416 /* Vehicle_LoanCalculatorUITests.swift in Sources */,
			);
			runOnlyForDeploymentPostprocessing = 0;
		};
/* End PBXSourcesBuildPhase section */

/* Begin PBXTargetDependency section */
		7F87AB42205113DA00738416 /* PBXTargetDependency */ = {
			isa = PBXTargetDependency;
			target = 7F87AB2B205113DA00738416 /* Vehicle LoanCalculator */;
			targetProxy = 7F87AB41205113DA00738416 /* PBXContainerItemProxy */;
		};
		7F87AB4D205113DA00738416 /* PBXTargetDependency */ = {
			isa = PBXTargetDependency;
			target = 7F87AB2B205113DA00738416 /* Vehicle LoanCalculator */;
			targetProxy = 7F87AB4C205113DA00738416 /* PBXContainerItemProxy */;
		};
/* End PBXTargetDependency section */

/* Begin PBXVariantGroup section */
		7F87AB33205113DA00738416 /* Main.storyboard */ = {
			isa = PBXVariantGroup;
			children = (
				7F87AB34205113DA00738416 /* Base */,
			);
			name = Main.storyboard;
			sourceTree = "<group>";
		};
		7F87AB38205113DA00738416 /* LaunchScreen.storyboard */ = {
			isa = PBXVariantGroup;
			children = (
				7F87AB39205113DA00738416 /* Base */,
			);
			name = LaunchScreen.storyboard;
			sourceTree = "<group>";
		};
/* End PBXVariantGroup section */

/* Begin XCBuildConfiguration section */
		7F87AB52205113DA00738416 /* Debug */ = {
			isa = XCBuildConfiguration;
			buildSettings = {
				ALWAYS_SEARCH_USER_PATHS = NO;
				CLANG_ANALYZER_NONNULL = YES;
				CLANG_ANALYZER_NUMBER_OBJECT_CONVERSION = YES_AGGRESSIVE;
				CLANG_CXX_LANGUAGE_STANDARD = "gnu++14";
				CLANG_CXX_LIBRARY = "libc++";
				CLANG_ENABLE_MODULES = YES;
				CLANG_ENABLE_OBJC_ARC = YES;
				CLANG_WARN_BLOCK_CAPTURE_AUTORELEASING = YES;
				CLANG_WARN_BOOL_CONVERSION = YES;
				CLANG_WARN_COMMA = YES;
				CLANG_WARN_CONSTANT_CONVERSION = YES;
				CLANG_WARN_DEPRECATED_OBJC_IMPLEMENTATIONS = YES;
				CLANG_WARN_DIRECT_OBJC_ISA_USAGE = YES_ERROR;
				CLANG_WARN_DOCUMENTATION_COMMENTS = YES;
				CLANG_WARN_EMPTY_BODY = YES;
				CLANG_WARN_ENUM_CONVERSION = YES;
				CLANG_WARN_INFINITE_RECURSION = YES;
				CLANG_WARN_INT_CONVERSION = YES;
				CLANG_WARN_NON_LITERAL_NULL_CONVERSION = YES;
				CLANG_WARN_OBJC_IMPLICIT_RETAIN_SELF = YES;
				CLANG_WARN_OBJC_LITERAL_CONVERSION = YES;
				CLANG_WARN_OBJC_ROOT_CLASS = YES_ERROR;
				CLANG_WARN_QUOTED_INCLUDE_IN_FRAMEWORK_HEADER = YES;
				CLANG_WARN_RANGE_LOOP_ANALYSIS = YES;
				CLANG_WARN_STRICT_PROTOTYPES = YES;
				CLANG_WARN_SUSPICIOUS_MOVE = YES;
				CLANG_WARN_UNGUARDED_AVAILABILITY = YES_AGGRESSIVE;
				CLANG_WARN_UNREACHABLE_CODE = YES;
				CLANG_WARN__DUPLICATE_METHOD_MATCH = YES;
				CODE_SIGN_IDENTITY = "iPhone Developer";
				COPY_PHASE_STRIP = NO;
				DEBUG_INFORMATION_FORMAT = dwarf;
				ENABLE_STRICT_OBJC_MSGSEND = YES;
				ENABLE_TESTABILITY = YES;
				GCC_C_LANGUAGE_STANDARD = gnu11;
				GCC_DYNAMIC_NO_PIC = NO;
				GCC_NO_COMMON_BLOCKS = YES;
				GCC_OPTIMIZATION_LEVEL = 0;
				GCC_PREPROCESSOR_DEFINITIONS = (
					"DEBUG=1",
					"$(inherited)",
				);
				GCC_WARN_64_TO_32_BIT_CONVERSION = YES;
				GCC_WARN_ABOUT_RETURN_TYPE = YES_ERROR;
				GCC_WARN_UNDECLARED_SELECTOR = YES;
				GCC_WARN_UNINITIALIZED_AUTOS = YES_AGGRESSIVE;
				GCC_WARN_UNUSED_FUNCTION = YES;
				GCC_WARN_UNUSED_VARIABLE = YES;
				IPHONEOS_DEPLOYMENT_TARGET = 14.2;
				MTL_ENABLE_DEBUG_INFO = YES;
				ONLY_ACTIVE_ARCH = YES;
				SDKROOT = iphoneos;
				SWIFT_ACTIVE_COMPILATION_CONDITIONS = DEBUG;
				SWIFT_OPTIMIZATION_LEVEL = "-Onone";
			};
			name = Debug;
		};
		7F87AB53205113DA00738416 /* Release */ = {
			isa = XCBuildConfiguration;
			buildSettings = {
				ALWAYS_SEARCH_USER_PATHS = NO;
				CLANG_ANALYZER_NONNULL = YES;
				CLANG_ANALYZER_NUMBER_OBJECT_CONVERSION = YES_AGGRESSIVE;
				CLANG_CXX_LANGUAGE_STANDARD = "gnu++14";
				CLANG_CXX_LIBRARY = "libc++";
				CLANG_ENABLE_MODULES = YES;
				CLANG_ENABLE_OBJC_ARC = YES;
				CLANG_WARN_BLOCK_CAPTURE_AUTORELEASING = YES;
				CLANG_WARN_BOOL_CONVERSION = YES;
				CLANG_WARN_COMMA = YES;
				CLANG_WARN_CONSTANT_CONVERSION = YES;
				CLANG_WARN_DEPRECATED_OBJC_IMPLEMENTATIONS = YES;
				CLANG_WARN_DIRECT_OBJC_ISA_USAGE = YES_ERROR;
				CLANG_WARN_DOCUMENTATION_COMMENTS = YES;
				CLANG_WARN_EMPTY_BODY = YES;
				CLANG_WARN_ENUM_CONVERSION = YES;
				CLANG_WARN_INFINITE_RECURSION = YES;
				CLANG_WARN_INT_CONVERSION = YES;
				CLANG_WARN_NON_LITERAL_NULL_CONVERSION = YES;
				CLANG_WARN_OBJC_IMPLICIT_RETAIN_SELF = YES;
				CLANG_WARN_OBJC_LITERAL_CONVERSION = YES;
				CLANG_WARN_OBJC_ROOT_CLASS = YES_ERROR;
				CLANG_WARN_QUOTED_INCLUDE_IN_FRAMEWORK_HEADER = YES;
				CLANG_WARN_RANGE_LOOP_ANALYSIS = YES;
				CLANG_WARN_STRICT_PROTOTYPES = YES;
				CLANG_WARN_SUSPICIOUS_MOVE = YES;
				CLANG_WARN_UNGUARDED_AVAILABILITY = YES_AGGRESSIVE;
				CLANG_WARN_UNREACHABLE_CODE = YES;
				CLANG_WARN__DUPLICATE_METHOD_MATCH = YES;
				CODE_SIGN_IDENTITY = "iPhone Developer";
				COPY_PHASE_STRIP = NO;
				DEBUG_INFORMATION_FORMAT = "dwarf-with-dsym";
				ENABLE_NS_ASSERTIONS = NO;
				ENABLE_STRICT_OBJC_MSGSEND = YES;
				GCC_C_LANGUAGE_STANDARD = gnu11;
				GCC_NO_COMMON_BLOCKS = YES;
				GCC_WARN_64_TO_32_BIT_CONVERSION = YES;
				GCC_WARN_ABOUT_RETURN_TYPE = YES_ERROR;
				GCC_WARN_UNDECLARED_SELECTOR = YES;
				GCC_WARN_UNINITIALIZED_AUTOS = YES_AGGRESSIVE;
				GCC_WARN_UNUSED_FUNCTION = YES;
				GCC_WARN_UNUSED_VARIABLE = YES;
				IPHONEOS_DEPLOYMENT_TARGET = 14.2;
				MTL_ENABLE_DEBUG_INFO = NO;
				SDKROOT = iphoneos;
				SWIFT_OPTIMIZATION_LEVEL = "-Owholemodule";
				VALIDATE_PRODUCT = YES;
			};
			name = Release;
		};
		7F87AB55205113DA00738416 /* Debug */ = {
			isa = XCBuildConfiguration;
			buildSettings = {
				ASSETCATALOG_COMPILER_APPICON_NAME = AppIcon;
				CODE_SIGN_STYLE = Automatic;
				CURRENT_PROJECT_VERSION = 3.1;
				DEVELOPMENT_TEAM = GFVGW2HSQX;
				INFOPLIST_FILE = "Vehicle LoanCalculator/Info.plist";
				IPHONEOS_DEPLOYMENT_TARGET = 14.2;
				LD_RUNPATH_SEARCH_PATHS = "$(inherited) @executable_path/Frameworks";
				MARKETING_VERSION = 3.1;
				PRODUCT_BUNDLE_IDENTIFIER = "japio808.Vehicle-LoanCalculator";
				PRODUCT_NAME = "$(TARGET_NAME)";
				SWIFT_VERSION = 5.0;
				TARGETED_DEVICE_FAMILY = "1,2";
			};
			name = Debug;
		};
		7F87AB56205113DA00738416 /* Release */ = {
			isa = XCBuildConfiguration;
			buildSettings = {
				ASSETCATALOG_COMPILER_APPICON_NAME = AppIcon;
				CODE_SIGN_STYLE = Automatic;
				CURRENT_PROJECT_VERSION = 3.1;
				DEVELOPMENT_TEAM = GFVGW2HSQX;
				INFOPLIST_FILE = "Vehicle LoanCalculator/Info.plist";
				IPHONEOS_DEPLOYMENT_TARGET = 14.2;
				LD_RUNPATH_SEARCH_PATHS = "$(inherited) @executable_path/Frameworks";
				MARKETING_VERSION = 3.1;
				PRODUCT_BUNDLE_IDENTIFIER = "japio808.Vehicle-LoanCalculator";
				PRODUCT_NAME = "$(TARGET_NAME)";
				SWIFT_VERSION = 5.0;
				TARGETED_DEVICE_FAMILY = "1,2";
			};
			name = Release;
		};
		7F87AB58205113DA00738416 /* Debug */ = {
			isa = XCBuildConfiguration;
			buildSettings = {
				ALWAYS_EMBED_SWIFT_STANDARD_LIBRARIES = YES;
				BUNDLE_LOADER = "$(TEST_HOST)";
				CODE_SIGN_STYLE = Automatic;
				DEVELOPMENT_TEAM = GFVGW2HSQX;
				INFOPLIST_FILE = "Vehicle LoanCalculatorTests/Info.plist";
				LD_RUNPATH_SEARCH_PATHS = "$(inherited) @executable_path/Frameworks @loader_path/Frameworks";
				PRODUCT_BUNDLE_IDENTIFIER = "japio808.Vehicle-LoanCalculatorTests";
				PRODUCT_NAME = "$(TARGET_NAME)";
				SWIFT_VERSION = 5.0;
				TARGETED_DEVICE_FAMILY = "1,2";
				TEST_HOST = "$(BUILT_PRODUCTS_DIR)/Vehicle LoanCalculator.app/Vehicle LoanCalculator";
			};
			name = Debug;
		};
		7F87AB59205113DA00738416 /* Release */ = {
			isa = XCBuildConfiguration;
			buildSettings = {
				ALWAYS_EMBED_SWIFT_STANDARD_LIBRARIES = YES;
				BUNDLE_LOADER = "$(TEST_HOST)";
				CODE_SIGN_STYLE = Automatic;
				DEVELOPMENT_TEAM = GFVGW2HSQX;
				INFOPLIST_FILE = "Vehicle LoanCalculatorTests/Info.plist";
				LD_RUNPATH_SEARCH_PATHS = "$(inherited) @executable_path/Frameworks @loader_path/Frameworks";
				PRODUCT_BUNDLE_IDENTIFIER = "japio808.Vehicle-LoanCalculatorTests";
				PRODUCT_NAME = "$(TARGET_NAME)";
				SWIFT_VERSION = 5.0;
				TARGETED_DEVICE_FAMILY = "1,2";
				TEST_HOST = "$(BUILT_PRODUCTS_DIR)/Vehicle LoanCalculator.app/Vehicle LoanCalculator";
			};
			name = Release;
		};
		7F87AB5B205113DA00738416 /* Debug */ = {
			isa = XCBuildConfiguration;
			buildSettings = {
				ALWAYS_EMBED_SWIFT_STANDARD_LIBRARIES = YES;
				CODE_SIGN_STYLE = Automatic;
				DEVELOPMENT_TEAM = GFVGW2HSQX;
				INFOPLIST_FILE = "Vehicle LoanCalculatorUITests/Info.plist";
				LD_RUNPATH_SEARCH_PATHS = "$(inherited) @executable_path/Frameworks @loader_path/Frameworks";
				PRODUCT_BUNDLE_IDENTIFIER = "japio808.Vehicle-LoanCalculatorUITests";
				PRODUCT_NAME = "$(TARGET_NAME)";
				SWIFT_VERSION = 5.0;
				TARGETED_DEVICE_FAMILY = "1,2";
				TEST_TARGET_NAME = "Vehicle LoanCalculator";
			};
			name = Debug;
		};
		7F87AB5C205113DA00738416 /* Release */ = {
			isa = XCBuildConfiguration;
			buildSettings = {
				ALWAYS_EMBED_SWIFT_STANDARD_LIBRARIES = YES;
				CODE_SIGN_STYLE = Automatic;
				DEVELOPMENT_TEAM = GFVGW2HSQX;
				INFOPLIST_FILE = "Vehicle LoanCalculatorUITests/Info.plist";
				LD_RUNPATH_SEARCH_PATHS = "$(inherited) @executable_path/Frameworks @loader_path/Frameworks";
				PRODUCT_BUNDLE_IDENTIFIER = "japio808.Vehicle-LoanCalculatorUITests";
				PRODUCT_NAME = "$(TARGET_NAME)";
				SWIFT_VERSION = 5.0;
				TARGETED_DEVICE_FAMILY = "1,2";
				TEST_TARGET_NAME = "Vehicle LoanCalculator";
			};
			name = Release;
		};
/* End XCBuildConfiguration section */

/* Begin XCConfigurationList section */
		7F87AB27205113DA00738416 /* Build configuration list for PBXProject "Vehicle LoanCalculator" */ = {
			isa = XCConfigurationList;
			buildConfigurations = (
				7F87AB52205113DA00738416 /* Debug */,
				7F87AB53205113DA00738416 /* Release */,
			);
			defaultConfigurationIsVisible = 0;
			defaultConfigurationName = Release;
		};
		7F87AB54205113DA00738416 /* Build configuration list for PBXNativeTarget "Vehicle LoanCalculator" */ = {
			isa = XCConfigurationList;
			buildConfigurations = (
				7F87AB55205113DA00738416 /* Debug */,
				7F87AB56205113DA00738416 /* Release */,
			);
			defaultConfigurationIsVisible = 0;
			defaultConfigurationName = Release;
		};
		7F87AB57205113DA00738416 /* Build configuration list for PBXNativeTarget "Vehicle LoanCalculatorTests" */ = {
			isa = XCConfigurationList;
			buildConfigurations = (
				7F87AB58205113DA00738416 /* Debug */,
				7F87AB59205113DA00738416 /* Release */,
			);
			defaultConfigurationIsVisible = 0;
			defaultConfigurationName = Release;
		};
		7F87AB5A205113DA00738416 /* Build configuration list for PBXNativeTarget "Vehicle LoanCalculatorUITests" */ = {
			isa = XCConfigurationList;
			buildConfigurations = (
				7F87AB5B205113DA00738416 /* Debug */,
				7F87AB5C205113DA00738416 /* Release */,
			);
			defaultConfigurationIsVisible = 0;
			defaultConfigurationName = Release;
		};
/* End XCConfigurationList section */
	};
	rootObject = 7F87AB24205113DA00738416 /* Project object */;
}
