// !$*UTF8*$!
{
	archiveVersion = 1;
	classes = {
	};
	objectVersion = 48;
	objects = {

/* Begin PBXBuildFile section */
		7F10D6FB2040F5F30062A4F1 /* MegaMillions.swift in Sources */ = {isa = PBXBuildFile; fileRef = 7F10D6FA2040F5F30062A4F1 /* MegaMillions.swift */; };
		7F3238F1200D9AD400B64FC2 /* AppDelegate.swift in Sources */ = {isa = PBXBuildFile; fileRef = 7F3238F0200D9AD400B64FC2 /* AppDelegate.swift */; };
		7F3238F6200D9AD400B64FC2 /* Main.storyboard in Resources */ = {isa = PBXBuildFile; fileRef = 7F3238F4200D9AD400B64FC2 /* Main.storyboard */; };
		7F3238F8200D9AD400B64FC2 /* Assets.xcassets in Resources */ = {isa = PBXBuildFile; fileRef = 7F3238F7200D9AD400B64FC2 /* Assets.xcassets */; };
		7F3238FB200D9AD400B64FC2 /* LaunchScreen.storyboard in Resources */ = {isa = PBXBuildFile; fileRef = 7F3238F9200D9AD400B64FC2 /* LaunchScreen.storyboard */; };
		7F4318E3204B8B2C00E37E20 /* LuckyForLife.swift in Sources */ = {isa = PBXBuildFile; fileRef = 7F4318E2204B8B2C00E37E20 /* LuckyForLife.swift */; };
		7F4318E5204B99E800E37E20 /* PowerBall.swift in Sources */ = {isa = PBXBuildFile; fileRef = 7F4318E4204B99E800E37E20 /* PowerBall.swift */; };
		7F4318E7204BA22D00E37E20 /* Cash5.swift in Sources */ = {isa = PBXBuildFile; fileRef = 7F4318E6204BA22D00E37E20 /* Cash5.swift */; };
		7F521355204CA437008B67B4 /* Lotto.swift in Sources */ = {isa = PBXBuildFile; fileRef = 7F521354204CA437008B67B4 /* Lotto.swift */; };
		7F521357204CACDC008B67B4 /* Pick3.swift in Sources */ = {isa = PBXBuildFile; fileRef = 7F521356204CACDC008B67B4 /* Pick3.swift */; };
/* End PBXBuildFile section */

/* Begin PBXFileReference section */
		7F10D6FA2040F5F30062A4F1 /* MegaMillions.swift */ = {isa = PBXFileReference; lastKnownFileType = sourcecode.swift; path = MegaMillions.swift; sourceTree = "<group>"; };
		7F3238ED200D9AD400B64FC2 /* Random lucky numbers.app */ = {isa = PBXFileReference; explicitFileType = wrapper.application; includeInIndex = 0; path = "Random lucky numbers.app"; sourceTree = BUILT_PRODUCTS_DIR; };
		7F3238F0200D9AD400B64FC2 /* AppDelegate.swift */ = {isa = PBXFileReference; lastKnownFileType = sourcecode.swift; path = AppDelegate.swift; sourceTree = "<group>"; };
		7F3238F5200D9AD400B64FC2 /* Base */ = {isa = PBXFileReference; lastKnownFileType = file.storyboard; name = Base; path = Base.lproj/Main.storyboard; sourceTree = "<group>"; };
		7F3238F7200D9AD400B64FC2 /* Assets.xcassets */ = {isa = PBXFileReference; lastKnownFileType = folder.assetcatalog; path = Assets.xcassets; sourceTree = "<group>"; };
		7F3238FA200D9AD400B64FC2 /* Base */ = {isa = PBXFileReference; lastKnownFileType = file.storyboard; name = Base; path = Base.lproj/LaunchScreen.storyboard; sourceTree = "<group>"; };
		7F3238FC200D9AD400B64FC2 /* Info.plist */ = {isa = PBXFileReference; lastKnownFileType = text.plist.xml; path = Info.plist; sourceTree = "<group>"; };
		7F4318E2204B8B2C00E37E20 /* LuckyForLife.swift */ = {isa = PBXFileReference; lastKnownFileType = sourcecode.swift; path = LuckyForLife.swift; sourceTree = "<group>"; };
		7F4318E4204B99E800E37E20 /* PowerBall.swift */ = {isa = PBXFileReference; lastKnownFileType = sourcecode.swift; path = PowerBall.swift; sourceTree = "<group>"; };
		7F4318E6204BA22D00E37E20 /* Cash5.swift */ = {isa = PBXFileReference; lastKnownFileType = sourcecode.swift; path = Cash5.swift; sourceTree = "<group>"; };
		7F521354204CA437008B67B4 /* Lotto.swift */ = {isa = PBXFileReference; lastKnownFileType = sourcecode.swift; path = Lotto.swift; sourceTree = "<group>"; };
		7F521356204CACDC008B67B4 /* Pick3.swift */ = {isa = PBXFileReference; lastKnownFileType = sourcecode.swift; path = Pick3.swift; sourceTree = "<group>"; };
/* End PBXFileReference section */

/* Begin PBXFrameworksBuildPhase section */
		7F3238EA200D9AD400B64FC2 /* Frameworks */ = {
			isa = PBXFrameworksBuildPhase;
			buildActionMask = 2147483647;
			files = (
			);
			runOnlyForDeploymentPostprocessing = 0;
		};
/* End PBXFrameworksBuildPhase section */

/* Begin PBXGroup section */
		7F3238E4200D9AD400B64FC2 = {
			isa = PBXGroup;
			children = (
				7F3238EF200D9AD400B64FC2 /* Random lucky numbers */,
				7F3238EE200D9AD400B64FC2 /* Products */,
			);
			sourceTree = "<group>";
		};
		7F3238EE200D9AD400B64FC2 /* Products */ = {
			isa = PBXGroup;
			children = (
				7F3238ED200D9AD400B64FC2 /* Random lucky numbers.app */,
			);
			name = Products;
			sourceTree = "<group>";
		};
		7F3238EF200D9AD400B64FC2 /* Random lucky numbers */ = {
			isa = PBXGroup;
			children = (
				7F3238F4200D9AD400B64FC2 /* Main.storyboard */,
				7F4318E4204B99E800E37E20 /* PowerBall.swift */,
				7F10D6FA2040F5F30062A4F1 /* MegaMillions.swift */,
				7F4318E2204B8B2C00E37E20 /* LuckyForLife.swift */,
				7F521354204CA437008B67B4 /* Lotto.swift */,
				7F4318E6204BA22D00E37E20 /* Cash5.swift */,
				7F521356204CACDC008B67B4 /* Pick3.swift */,
				7F3238F0200D9AD400B64FC2 /* AppDelegate.swift */,
				7F3238F7200D9AD400B64FC2 /* Assets.xcassets */,
				7F3238F9200D9AD400B64FC2 /* LaunchScreen.storyboard */,
				7F3238FC200D9AD400B64FC2 /* Info.plist */,
			);
			path = "Random lucky numbers";
			sourceTree = "<group>";
		};
/* End PBXGroup section */

/* Begin PBXNativeTarget section */
		7F3238EC200D9AD400B64FC2 /* Random lucky numbers */ = {
			isa = PBXNativeTarget;
			buildConfigurationList = 7F3238FF200D9AD400B64FC2 /* Build configuration list for PBXNativeTarget "Random lucky numbers" */;
			buildPhases = (
				7F3238E9200D9AD400B64FC2 /* Sources */,
				7F3238EA200D9AD400B64FC2 /* Frameworks */,
				7F3238EB200D9AD400B64FC2 /* Resources */,
			);
			buildRules = (
			);
			dependencies = (
			);
			name = "Random lucky numbers";
			productName = "Random lucky numbers";
			productReference = 7F3238ED200D9AD400B64FC2 /* Random lucky numbers.app */;
			productType = "com.apple.product-type.application";
		};
/* End PBXNativeTarget section */

/* Begin PBXProject section */
		7F3238E5200D9AD400B64FC2 /* Project object */ = {
			isa = PBXProject;
			attributes = {
				LastSwiftUpdateCheck = 0920;
				LastUpgradeCheck = 0930;
				ORGANIZATIONNAME = "Jared Pino";
				TargetAttributes = {
					7F3238EC200D9AD400B64FC2 = {
						CreatedOnToolsVersion = 9.2;
						LastSwiftMigration = 1000;
						ProvisioningStyle = Automatic;
					};
				};
			};
			buildConfigurationList = 7F3238E8200D9AD400B64FC2 /* Build configuration list for PBXProject "Random lucky numbers" */;
			compatibilityVersion = "Xcode 8.0";
			developmentRegion = en;
			hasScannedForEncodings = 0;
			knownRegions = (
				en,
				Base,
			);
			mainGroup = 7F3238E4200D9AD400B64FC2;
			productRefGroup = 7F3238EE200D9AD400B64FC2 /* Products */;
			projectDirPath = "";
			projectRoot = "";
			targets = (
				7F3238EC200D9AD400B64FC2 /* Random lucky numbers */,
			);
		};
/* End PBXProject section */

/* Begin PBXResourcesBuildPhase section */
		7F3238EB200D9AD400B64FC2 /* Resources */ = {
			isa = PBXResourcesBuildPhase;
			buildActionMask = 2147483647;
			files = (
				7F3238FB200D9AD400B64FC2 /* LaunchScreen.storyboard in Resources */,
				7F3238F8200D9AD400B64FC2 /* Assets.xcassets in Resources */,
				7F3238F6200D9AD400B64FC2 /* Main.storyboard in Resources */,
			);
			runOnlyForDeploymentPostprocessing = 0;
		};
/* End PBXResourcesBuildPhase section */

/* Begin PBXSourcesBuildPhase section */
		7F3238E9200D9AD400B64FC2 /* Sources */ = {
			isa = PBXSourcesBuildPhase;
			buildActionMask = 2147483647;
			files = (
				7F521357204CACDC008B67B4 /* Pick3.swift in Sources */,
				7F4318E3204B8B2C00E37E20 /* LuckyForLife.swift in Sources */,
				7F4318E5204B99E800E37E20 /* PowerBall.swift in Sources */,
				7F10D6FB2040F5F30062A4F1 /* MegaMillions.swift in Sources */,
				7F521355204CA437008B67B4 /* Lotto.swift in Sources */,
				7F4318E7204BA22D00E37E20 /* Cash5.swift in Sources */,
				7F3238F1200D9AD400B64FC2 /* AppDelegate.swift in Sources */,
			);
			runOnlyForDeploymentPostprocessing = 0;
		};
/* End PBXSourcesBuildPhase section */

/* Begin PBXVariantGroup section */
		7F3238F4200D9AD400B64FC2 /* Main.storyboard */ = {
			isa = PBXVariantGroup;
			children = (
				7F3238F5200D9AD400B64FC2 /* Base */,
			);
			name = Main.storyboard;
			sourceTree = "<group>";
		};
		7F3238F9200D9AD400B64FC2 /* LaunchScreen.storyboard */ = {
			isa = PBXVariantGroup;
			children = (
				7F3238FA200D9AD400B64FC2 /* Base */,
			);
			name = LaunchScreen.storyboard;
			sourceTree = "<group>";
		};
/* End PBXVariantGroup section */

/* Begin XCBuildConfiguration section */
		7F3238FD200D9AD400B64FC2 /* Debug */ = {
			isa = XCBuildConfiguration;
			buildSettings = {
				ALWAYS_SEARCH_USER_PATHS = NO;
				CLANG_ANALYZER_NONNULL = YES;
				CLANG_ANALYZER_NUMBER_OBJECT_CONVERSION = YES_AGGRESSIVE;
				CLANG_CXX_LANGUAGE_STANDARD = "gnu++14";
				CLANG_CXX_LIBRARY = "libc++";
				CLANG_ENABLE_MODULES = YES;
				CLANG_ENABLE_OBJC_ARC = YES;
				CLANG_WARN_BLOCK_CAPTURE_AUTORELEASING = YES;
				CLANG_WARN_BOOL_CONVERSION = YES;
				CLANG_WARN_COMMA = YES;
				CLANG_WARN_CONSTANT_CONVERSION = YES;
				CLANG_WARN_DEPRECATED_OBJC_IMPLEMENTATIONS = YES;
				CLANG_WARN_DIRECT_OBJC_ISA_USAGE = YES_ERROR;
				CLANG_WARN_DOCUMENTATION_COMMENTS = YES;
				CLANG_WARN_EMPTY_BODY = YES;
				CLANG_WARN_ENUM_CONVERSION = YES;
				CLANG_WARN_INFINITE_RECURSION = YES;
				CLANG_WARN_INT_CONVERSION = YES;
				CLANG_WARN_NON_LITERAL_NULL_CONVERSION = YES;
				CLANG_WARN_OBJC_IMPLICIT_RETAIN_SELF = YES;
				CLANG_WARN_OBJC_LITERAL_CONVERSION = YES;
				CLANG_WARN_OBJC_ROOT_CLASS = YES_ERROR;
				CLANG_WARN_RANGE_LOOP_ANALYSIS = YES;
				CLANG_WARN_STRICT_PROTOTYPES = YES;
				CLANG_WARN_SUSPICIOUS_MOVE = YES;
				CLANG_WARN_UNGUARDED_AVAILABILITY = YES_AGGRESSIVE;
				CLANG_WARN_UNREACHABLE_CODE = YES;
				CLANG_WARN__DUPLICATE_METHOD_MATCH = YES;
				CODE_SIGN_IDENTITY = "iPhone Developer";
				COPY_PHASE_STRIP = NO;
				DEBUG_INFORMATION_FORMAT = dwarf;
				ENABLE_STRICT_OBJC_MSGSEND = YES;
				ENABLE_TESTABILITY = YES;
				GCC_C_LANGUAGE_STANDARD = gnu11;
				GCC_DYNAMIC_NO_PIC = NO;
				GCC_NO_COMMON_BLOCKS = YES;
				GCC_OPTIMIZATION_LEVEL = 0;
				GCC_PREPROCESSOR_DEFINITIONS = (
					"DEBUG=1",
					"$(inherited)",
				);
				GCC_WARN_64_TO_32_BIT_CONVERSION = YES;
				GCC_WARN_ABOUT_RETURN_TYPE = YES_ERROR;
				GCC_WARN_UNDECLARED_SELECTOR = YES;
				GCC_WARN_UNINITIALIZED_AUTOS = YES_AGGRESSIVE;
				GCC_WARN_UNUSED_FUNCTION = YES;
				GCC_WARN_UNUSED_VARIABLE = YES;
				IPHONEOS_DEPLOYMENT_TARGET = 11.3;
				MTL_ENABLE_DEBUG_INFO = YES;
				ONLY_ACTIVE_ARCH = YES;
				SDKROOT = iphoneos;
				SWIFT_ACTIVE_COMPILATION_CONDITIONS = DEBUG;
				SWIFT_OPTIMIZATION_LEVEL = "-Onone";
			};
			name = Debug;
		};
		7F3238FE200D9AD400B64FC2 /* Release */ = {
			isa = XCBuildConfiguration;
			buildSettings = {
				ALWAYS_SEARCH_USER_PATHS = NO;
				CLANG_ANALYZER_NONNULL = YES;
				CLANG_ANALYZER_NUMBER_OBJECT_CONVERSION = YES_AGGRESSIVE;
				CLANG_CXX_LANGUAGE_STANDARD = "gnu++14";
				CLANG_CXX_LIBRARY = "libc++";
				CLANG_ENABLE_MODULES = YES;
				CLANG_ENABLE_OBJC_ARC = YES;
				CLANG_WARN_BLOCK_CAPTURE_AUTORELEASING = YES;
				CLANG_WARN_BOOL_CONVERSION = YES;
				CLANG_WARN_COMMA = YES;
				CLANG_WARN_CONSTANT_CONVERSION = YES;
				CLANG_WARN_DEPRECATED_OBJC_IMPLEMENTATIONS = YES;
				CLANG_WARN_DIRECT_OBJC_ISA_USAGE = YES_ERROR;
				CLANG_WARN_DOCUMENTATION_COMMENTS = YES;
				CLANG_WARN_EMPTY_BODY = YES;
				CLANG_WARN_ENUM_CONVERSION = YES;
				CLANG_WARN_INFINITE_RECURSION = YES;
				CLANG_WARN_INT_CONVERSION = YES;
				CLANG_WARN_NON_LITERAL_NULL_CONVERSION = YES;
				CLANG_WARN_OBJC_IMPLICIT_RETAIN_SELF = YES;
				CLANG_WARN_OBJC_LITERAL_CONVERSION = YES;
				CLANG_WARN_OBJC_ROOT_CLASS = YES_ERROR;
				CLANG_WARN_RANGE_LOOP_ANALYSIS = YES;
				CLANG_WARN_STRICT_PROTOTYPES = YES;
				CLANG_WARN_SUSPICIOUS_MOVE = YES;
				CLANG_WARN_UNGUARDED_AVAILABILITY = YES_AGGRESSIVE;
				CLANG_WARN_UNREACHABLE_CODE = YES;
				CLANG_WARN__DUPLICATE_METHOD_MATCH = YES;
				CODE_SIGN_IDENTITY = "iPhone Developer";
				COPY_PHASE_STRIP = NO;
				DEBUG_INFORMATION_FORMAT = "dwarf-with-dsym";
				ENABLE_NS_ASSERTIONS = NO;
				ENABLE_STRICT_OBJC_MSGSEND = YES;
				GCC_C_LANGUAGE_STANDARD = gnu11;
				GCC_NO_COMMON_BLOCKS = YES;
				GCC_WARN_64_TO_32_BIT_CONVERSION = YES;
				GCC_WARN_ABOUT_RETURN_TYPE = YES_ERROR;
				GCC_WARN_UNDECLARED_SELECTOR = YES;
				GCC_WARN_UNINITIALIZED_AUTOS = YES_AGGRESSIVE;
				GCC_WARN_UNUSED_FUNCTION = YES;
				GCC_WARN_UNUSED_VARIABLE = YES;
				IPHONEOS_DEPLOYMENT_TARGET = 11.3;
				MTL_ENABLE_DEBUG_INFO = NO;
				SDKROOT = iphoneos;
				SWIFT_OPTIMIZATION_LEVEL = "-Owholemodule";
				VALIDATE_PRODUCT = YES;
			};
			name = Release;
		};
		7F323900200D9AD400B64FC2 /* Debug */ = {
			isa = XCBuildConfiguration;
			buildSettings = {
				ASSETCATALOG_COMPILER_APPICON_NAME = AppIcon;
				CODE_SIGN_STYLE = Automatic;
				DEVELOPMENT_TEAM = GFVGW2HSQX;
				INFOPLIST_FILE = "Random lucky numbers/Info.plist";
				IPHONEOS_DEPLOYMENT_TARGET = 11.3;
				LD_RUNPATH_SEARCH_PATHS = "$(inherited) @executable_path/Frameworks";
				PRODUCT_BUNDLE_IDENTIFIER = "japio808.Random-lucky-numbers";
				PRODUCT_NAME = "$(TARGET_NAME)";
				SWIFT_VERSION = 4.2;
				TARGETED_DEVICE_FAMILY = 1;
			};
			name = Debug;
		};
		7F323901200D9AD400B64FC2 /* Release */ = {
			isa = XCBuildConfiguration;
			buildSettings = {
				ASSETCATALOG_COMPILER_APPICON_NAME = AppIcon;
				CODE_SIGN_STYLE = Automatic;
				DEVELOPMENT_TEAM = GFVGW2HSQX;
				INFOPLIST_FILE = "Random lucky numbers/Info.plist";
				IPHONEOS_DEPLOYMENT_TARGET = 11.3;
				LD_RUNPATH_SEARCH_PATHS = "$(inherited) @executable_path/Frameworks";
				PRODUCT_BUNDLE_IDENTIFIER = "japio808.Random-lucky-numbers";
				PRODUCT_NAME = "$(TARGET_NAME)";
				SWIFT_VERSION = 4.2;
				TARGETED_DEVICE_FAMILY = 1;
			};
			name = Release;
		};
/* End XCBuildConfiguration section */

/* Begin XCConfigurationList section */
		7F3238E8200D9AD400B64FC2 /* Build configuration list for PBXProject "Random lucky numbers" */ = {
			isa = XCConfigurationList;
			buildConfigurations = (
				7F3238FD200D9AD400B64FC2 /* Debug */,
				7F3238FE200D9AD400B64FC2 /* Release */,
			);
			defaultConfigurationIsVisible = 0;
			defaultConfigurationName = Release;
		};
		7F3238FF200D9AD400B64FC2 /* Build configuration list for PBXNativeTarget "Random lucky numbers" */ = {
			isa = XCConfigurationList;
			buildConfigurations = (
				7F323900200D9AD400B64FC2 /* Debug */,
				7F323901200D9AD400B64FC2 /* Release */,
			);
			defaultConfigurationIsVisible = 0;
			defaultConfigurationName = Release;
		};
/* End XCConfigurationList section */
	};
	rootObject = 7F3238E5200D9AD400B64FC2 /* Project object */;
}
